
Microsoft Visual Studio Solution File, Format Version 12.00
# Visual Studio Version 17
VisualStudioVersion = 17.5.33516.290
MinimumVisualStudioVersion = 10.0.40219.1
Project("{FAE04EC0-301F-11D3-BF4B-00C04F79EFBC}") = "book", "book\book.csproj", "{D2A280F5-8D00-4BEA-A5A7-30992C7C0857}"
EndProject
Global
	GlobalSection(SolutionConfigurationPlatforms) = preSolution
		Debug|Any CPU = Debug|Any CPU
		Release|Any CPU = Release|Any CPU
	EndGlobalSection
	GlobalSection(ProjectConfigurationPlatforms) = postSolution
		{D2A280F5-8D00-4BEA-A5A7-30992C7C0857}.Debug|Any CPU.ActiveCfg = Debug|Any CPU
		{D2A280F5-8D00-4BEA-A5A7-30992C7C0857}.Debug|Any CPU.Build.0 = Debug|Any CPU
		{D2A280F5-8D00-4BEA-A5A7-30992C7C0857}.Release|Any CPU.ActiveCfg = Release|Any CPU
		{D2A280F5-8D00-4BEA-A5A7-30992C7C0857}.Release|Any CPU.Build.0 = Release|Any CPU
	EndGlobalSection
	GlobalSection(SolutionProperties) = preSolution
		HideSolutionNode = FALSE
	EndGlobalSection
	GlobalSection(ExtensibilityGlobals) = postSolution
		SolutionGuid = {B6C6D374-FAF1-4D87-9FB2-8F7CFC68D155}
	EndGlobalSection
EndGlobal
